
Microsoft Visual Studio Solution File, Format Version 12.00
# Visual Studio Version 17
VisualStudioVersion = 17.9.34701.34
MinimumVisualStudioVersion = 10.0.40219.1
Project("{9A19103F-16F7-4668-BE54-9A1E7A4F7556}") = "Demo1", "Demo1\Demo1.csproj", "{EF0012B3-8A27-4EF7-833B-2D69AB5A6078}"
EndProject
Global
	GlobalSection(SolutionConfigurationPlatforms) = preSolution
		Debug|Any CPU = Debug|Any CPU
		Release|Any CPU = Release|Any CPU
	EndGlobalSection
	GlobalSection(ProjectConfigurationPlatforms) = postSolution
		{EF0012B3-8A27-4EF7-833B-2D69AB5A6078}.Debug|Any CPU.ActiveCfg = Debug|Any CPU
		{EF0012B3-8A27-4EF7-833B-2D69AB5A6078}.Debug|Any CPU.Build.0 = Debug|Any CPU
		{EF0012B3-8A27-4EF7-833B-2D69AB5A6078}.Release|Any CPU.ActiveCfg = Release|Any CPU
		{EF0012B3-8A27-4EF7-833B-2D69AB5A6078}.Release|Any CPU.Build.0 = Release|Any CPU
	EndGlobalSection
	GlobalSection(SolutionProperties) = preSolution
		HideSolutionNode = FALSE
	EndGlobalSection
	GlobalSection(ExtensibilityGlobals) = postSolution
		SolutionGuid = {E9C4EDC5-6AF4-4268-BB3C-3A12A969A0A9}
	EndGlobalSection
EndGlobal
